// !$*UTF8*$!
{
	archiveVersion = 1;
	classes = {
	};
	objectVersion = 46;
	objects = {

/* Begin PBXBuildFile section */
		A3738BAB1CB3133C00EA1F00 /* SecondViewController.swift in Sources */ = {isa = PBXBuildFile; fileRef = A3738BAA1CB3133C00EA1F00 /* SecondViewController.swift */; };
		A3738BAD1CB3173D00EA1F00 /* ThirdViewController.swift in Sources */ = {isa = PBXBuildFile; fileRef = A3738BAC1CB3173D00EA1F00 /* ThirdViewController.swift */; };
		A3A8CB701CC78D570049D8D7 /* TESTTableViewController.swift in Sources */ = {isa = PBXBuildFile; fileRef = A3A8CB6F1CC78D570049D8D7 /* TESTTableViewController.swift */; };
		A3CD76541CAEDC7B00040256 /* AppDelegate.swift in Sources */ = {isa = PBXBuildFile; fileRef = A3CD76531CAEDC7B00040256 /* AppDelegate.swift */; };
		A3CD76561CAEDC7B00040256 /* ViewController.swift in Sources */ = {isa = PBXBuildFile; fileRef = A3CD76551CAEDC7B00040256 /* ViewController.swift */; };
		A3CD76591CAEDC7B00040256 /* Main.storyboard in Resources */ = {isa = PBXBuildFile; fileRef = A3CD76571CAEDC7B00040256 /* Main.storyboard */; };
		A3CD765C1CAEDC7B00040256 /* AnimalTrivia.xcdatamodeld in Sources */ = {isa = PBXBuildFile; fileRef = A3CD765A1CAEDC7B00040256 /* AnimalTrivia.xcdatamodeld */; };
		A3CD765E1CAEDC7B00040256 /* Assets.xcassets in Resources */ = {isa = PBXBuildFile; fileRef = A3CD765D1CAEDC7B00040256 /* Assets.xcassets */; };
		A3CD76611CAEDC7B00040256 /* LaunchScreen.storyboard in Resources */ = {isa = PBXBuildFile; fileRef = A3CD765F1CAEDC7B00040256 /* LaunchScreen.storyboard */; };
		A3CD766C1CAEDC7B00040256 /* AnimalTriviaTests.swift in Sources */ = {isa = PBXBuildFile; fileRef = A3CD766B1CAEDC7B00040256 /* AnimalTriviaTests.swift */; };
		A3CD76771CAEDC7B00040256 /* AnimalTriviaUITests.swift in Sources */ = {isa = PBXBuildFile; fileRef = A3CD76761CAEDC7B00040256 /* AnimalTriviaUITests.swift */; };
/* End PBXBuildFile section */

/* Begin PBXContainerItemProxy section */
		A3CD76681CAEDC7B00040256 /* PBXContainerItemProxy */ = {
			isa = PBXContainerItemProxy;
			containerPortal = A3CD76481CAEDC7B00040256 /* Project object */;
			proxyType = 1;
			remoteGlobalIDString = A3CD764F1CAEDC7B00040256;
			remoteInfo = AnimalTrivia;
		};
		A3CD76731CAEDC7B00040256 /* PBXContainerItemProxy */ = {
			isa = PBXContainerItemProxy;
			containerPortal = A3CD76481CAEDC7B00040256 /* Project object */;
			proxyType = 1;
			remoteGlobalIDString = A3CD764F1CAEDC7B00040256;
			remoteInfo = AnimalTrivia;
		};
/* End PBXContainerItemProxy section */

/* Begin PBXFileReference section */
		A3738BAA1CB3133C00EA1F00 /* SecondViewController.swift */ = {isa = PBXFileReference; fileEncoding = 4; lastKnownFileType = sourcecode.swift; path = SecondViewController.swift; sourceTree = "<group>"; };
		A3738BAC1CB3173D00EA1F00 /* ThirdViewController.swift */ = {isa = PBXFileReference; fileEncoding = 4; lastKnownFileType = sourcecode.swift; path = ThirdViewController.swift; sourceTree = "<group>"; };
		A3A8CB6F1CC78D570049D8D7 /* TESTTableViewController.swift */ = {isa = PBXFileReference; fileEncoding = 4; lastKnownFileType = sourcecode.swift; path = TESTTableViewController.swift; sourceTree = "<group>"; };
		A3CD76501CAEDC7B00040256 /* AnimalTrivia.app */ = {isa = PBXFileReference; explicitFileType = wrapper.application; includeInIndex = 0; path = AnimalTrivia.app; sourceTree = BUILT_PRODUCTS_DIR; };
		A3CD76531CAEDC7B00040256 /* AppDelegate.swift */ = {isa = PBXFileReference; lastKnownFileType = sourcecode.swift; path = AppDelegate.swift; sourceTree = "<group>"; };
		A3CD76551CAEDC7B00040256 /* ViewController.swift */ = {isa = PBXFileReference; lastKnownFileType = sourcecode.swift; path = ViewController.swift; sourceTree = "<group>"; };
		A3CD76581CAEDC7B00040256 /* Base */ = {isa = PBXFileReference; lastKnownFileType = file.storyboard; name = Base; path = Base.lproj/Main.storyboard; sourceTree = "<group>"; };
		A3CD765B1CAEDC7B00040256 /* AnimalTrivia.xcdatamodel */ = {isa = PBXFileReference; lastKnownFileType = wrapper.xcdatamodel; path = AnimalTrivia.xcdatamodel; sourceTree = "<group>"; };
		A3CD765D1CAEDC7B00040256 /* Assets.xcassets */ = {isa = PBXFileReference; lastKnownFileType = folder.assetcatalog; path = Assets.xcassets; sourceTree = "<group>"; };
		A3CD76601CAEDC7B00040256 /* Base */ = {isa = PBXFileReference; lastKnownFileType = file.storyboard; name = Base; path = Base.lproj/LaunchScreen.storyboard; sourceTree = "<group>"; };
		A3CD76621CAEDC7B00040256 /* Info.plist */ = {isa = PBXFileReference; lastKnownFileType = text.plist.xml; path = Info.plist; sourceTree = "<group>"; };
		A3CD76671CAEDC7B00040256 /* AnimalTriviaTests.xctest */ = {isa = PBXFileReference; explicitFileType = wrapper.cfbundle; includeInIndex = 0; path = AnimalTriviaTests.xctest; sourceTree = BUILT_PRODUCTS_DIR; };
		A3CD766B1CAEDC7B00040256 /* AnimalTriviaTests.swift */ = {isa = PBXFileReference; lastKnownFileType = sourcecode.swift; path = AnimalTriviaTests.swift; sourceTree = "<group>"; };
		A3CD766D1CAEDC7B00040256 /* Info.plist */ = {isa = PBXFileReference; lastKnownFileType = text.plist.xml; path = Info.plist; sourceTree = "<group>"; };
		A3CD76721CAEDC7B00040256 /* AnimalTriviaUITests.xctest */ = {isa = PBXFileReference; explicitFileType = wrapper.cfbundle; includeInIndex = 0; path = AnimalTriviaUITests.xctest; sourceTree = BUILT_PRODUCTS_DIR; };
		A3CD76761CAEDC7B00040256 /* AnimalTriviaUITests.swift */ = {isa = PBXFileReference; lastKnownFileType = sourcecode.swift; path = AnimalTriviaUITests.swift; sourceTree = "<group>"; };
		A3CD76781CAEDC7B00040256 /* Info.plist */ = {isa = PBXFileReference; lastKnownFileType = text.plist.xml; path = Info.plist; sourceTree = "<group>"; };
/* End PBXFileReference section */

/* Begin PBXFrameworksBuildPhase section */
		A3CD764D1CAEDC7B00040256 /* Frameworks */ = {
			isa = PBXFrameworksBuildPhase;
			buildActionMask = 2147483647;
			files = (
			);
			runOnlyForDeploymentPostprocessing = 0;
		};
		A3CD76641CAEDC7B00040256 /* Frameworks */ = {
			isa = PBXFrameworksBuildPhase;
			buildActionMask = 2147483647;
			files = (
			);
			runOnlyForDeploymentPostprocessing = 0;
		};
		A3CD766F1CAEDC7B00040256 /* Frameworks */ = {
			isa = PBXFrameworksBuildPhase;
			buildActionMask = 2147483647;
			files = (
			);
			runOnlyForDeploymentPostprocessing = 0;
		};
/* End PBXFrameworksBuildPhase section */

/* Begin PBXGroup section */
		A3738B2F1CB2E07100EA1F00 /* support */ = {
			isa = PBXGroup;
			children = (
			);
			name = support;
			sourceTree = "<group>";
		};
		A3CD76471CAEDC7B00040256 = {
			isa = PBXGroup;
			children = (
				A3CD76521CAEDC7B00040256 /* AnimalTrivia */,
				A3CD766A1CAEDC7B00040256 /* AnimalTriviaTests */,
				A3CD76751CAEDC7B00040256 /* AnimalTriviaUITests */,
				A3CD76511CAEDC7B00040256 /* Products */,
			);
			sourceTree = "<group>";
		};
		A3CD76511CAEDC7B00040256 /* Products */ = {
			isa = PBXGroup;
			children = (
				A3CD76501CAEDC7B00040256 /* AnimalTrivia.app */,
				A3CD76671CAEDC7B00040256 /* AnimalTriviaTests.xctest */,
				A3CD76721CAEDC7B00040256 /* AnimalTriviaUITests.xctest */,
			);
			name = Products;
			sourceTree = "<group>";
		};
		A3CD76521CAEDC7B00040256 /* AnimalTrivia */ = {
			isa = PBXGroup;
			children = (
				A3CD76531CAEDC7B00040256 /* AppDelegate.swift */,
				A3CD76551CAEDC7B00040256 /* ViewController.swift */,
				A3738BAA1CB3133C00EA1F00 /* SecondViewController.swift */,
				A3738BAC1CB3173D00EA1F00 /* ThirdViewController.swift */,
				A3A8CB6F1CC78D570049D8D7 /* TESTTableViewController.swift */,
				A3CD76571CAEDC7B00040256 /* Main.storyboard */,
				A3CD765D1CAEDC7B00040256 /* Assets.xcassets */,
				A3CD765F1CAEDC7B00040256 /* LaunchScreen.storyboard */,
				A3CD76621CAEDC7B00040256 /* Info.plist */,
				A3CD765A1CAEDC7B00040256 /* AnimalTrivia.xcdatamodeld */,
				A3738B2F1CB2E07100EA1F00 /* support */,
			);
			path = AnimalTrivia;
			sourceTree = "<group>";
		};
		A3CD766A1CAEDC7B00040256 /* AnimalTriviaTests */ = {
			isa = PBXGroup;
			children = (
				A3CD766B1CAEDC7B00040256 /* AnimalTriviaTests.swift */,
				A3CD766D1CAEDC7B00040256 /* Info.plist */,
			);
			path = AnimalTriviaTests;
			sourceTree = "<group>";
		};
		A3CD76751CAEDC7B00040256 /* AnimalTriviaUITests */ = {
			isa = PBXGroup;
			children = (
				A3CD76761CAEDC7B00040256 /* AnimalTriviaUITests.swift */,
				A3CD76781CAEDC7B00040256 /* Info.plist */,
			);
			path = AnimalTriviaUITests;
			sourceTree = "<group>";
		};
/* End PBXGroup section */

/* Begin PBXNativeTarget section */
		A3CD764F1CAEDC7B00040256 /* AnimalTrivia */ = {
			isa = PBXNativeTarget;
			buildConfigurationList = A3CD767B1CAEDC7B00040256 /* Build configuration list for PBXNativeTarget "AnimalTrivia" */;
			buildPhases = (
				A3CD764C1CAEDC7B00040256 /* Sources */,
				A3CD764D1CAEDC7B00040256 /* Frameworks */,
				A3CD764E1CAEDC7B00040256 /* Resources */,
			);
			buildRules = (
			);
			dependencies = (
			);
			name = AnimalTrivia;
			productName = AnimalTrivia;
			productReference = A3CD76501CAEDC7B00040256 /* AnimalTrivia.app */;
			productType = "com.apple.product-type.application";
		};
		A3CD76661CAEDC7B00040256 /* AnimalTriviaTests */ = {
			isa = PBXNativeTarget;
			buildConfigurationList = A3CD767E1CAEDC7B00040256 /* Build configuration list for PBXNativeTarget "AnimalTriviaTests" */;
			buildPhases = (
				A3CD76631CAEDC7B00040256 /* Sources */,
				A3CD76641CAEDC7B00040256 /* Frameworks */,
				A3CD76651CAEDC7B00040256 /* Resources */,
			);
			buildRules = (
			);
			dependencies = (
				A3CD76691CAEDC7B00040256 /* PBXTargetDependency */,
			);
			name = AnimalTriviaTests;
			productName = AnimalTriviaTests;
			productReference = A3CD76671CAEDC7B00040256 /* AnimalTriviaTests.xctest */;
			productType = "com.apple.product-type.bundle.unit-test";
		};
		A3CD76711CAEDC7B00040256 /* AnimalTriviaUITests */ = {
			isa = PBXNativeTarget;
			buildConfigurationList = A3CD76811CAEDC7B00040256 /* Build configuration list for PBXNativeTarget "AnimalTriviaUITests" */;
			buildPhases = (
				A3CD766E1CAEDC7B00040256 /* Sources */,
				A3CD766F1CAEDC7B00040256 /* Frameworks */,
				A3CD76701CAEDC7B00040256 /* Resources */,
			);
			buildRules = (
			);
			dependencies = (
				A3CD76741CAEDC7B00040256 /* PBXTargetDependency */,
			);
			name = AnimalTriviaUITests;
			productName = AnimalTriviaUITests;
			productReference = A3CD76721CAEDC7B00040256 /* AnimalTriviaUITests.xctest */;
			productType = "com.apple.product-type.bundle.ui-testing";
		};
/* End PBXNativeTarget section */

/* Begin PBXProject section */
		A3CD76481CAEDC7B00040256 /* Project object */ = {
			isa = PBXProject;
			attributes = {
				LastSwiftUpdateCheck = 0730;
				LastUpgradeCheck = 0730;
				ORGANIZATIONNAME = "Szymon Dawidow";
				TargetAttributes = {
					A3CD764F1CAEDC7B00040256 = {
						CreatedOnToolsVersion = 7.3;
						DevelopmentTeam = JPZMJ72554;
					};
					A3CD76661CAEDC7B00040256 = {
						CreatedOnToolsVersion = 7.3;
						DevelopmentTeam = JPZMJ72554;
						TestTargetID = A3CD764F1CAEDC7B00040256;
					};
					A3CD76711CAEDC7B00040256 = {
						CreatedOnToolsVersion = 7.3;
						DevelopmentTeam = JPZMJ72554;
						TestTargetID = A3CD764F1CAEDC7B00040256;
					};
				};
			};
			buildConfigurationList = A3CD764B1CAEDC7B00040256 /* Build configuration list for PBXProject "AnimalTrivia" */;
			compatibilityVersion = "Xcode 3.2";
			developmentRegion = English;
			hasScannedForEncodings = 0;
			knownRegions = (
				en,
				Base,
			);
			mainGroup = A3CD76471CAEDC7B00040256;
			productRefGroup = A3CD76511CAEDC7B00040256 /* Products */;
			projectDirPath = "";
			projectRoot = "";
			targets = (
				A3CD764F1CAEDC7B00040256 /* AnimalTrivia */,
				A3CD76661CAEDC7B00040256 /* AnimalTriviaTests */,
				A3CD76711CAEDC7B00040256 /* AnimalTriviaUITests */,
			);
		};
/* End PBXProject section */

/* Begin PBXResourcesBuildPhase section */
		A3CD764E1CAEDC7B00040256 /* Resources */ = {
			isa = PBXResourcesBuildPhase;
			buildActionMask = 2147483647;
			files = (
				A3CD76611CAEDC7B00040256 /* LaunchScreen.storyboard in Resources */,
				A3CD765E1CAEDC7B00040256 /* Assets.xcassets in Resources */,
				A3CD76591CAEDC7B00040256 /* Main.storyboard in Resources */,
			);
			runOnlyForDeploymentPostprocessing = 0;
		};
		A3CD76651CAEDC7B00040256 /* Resources */ = {
			isa = PBXResourcesBuildPhase;
			buildActionMask = 2147483647;
			files = (
			);
			runOnlyForDeploymentPostprocessing = 0;
		};
		A3CD76701CAEDC7B00040256 /* Resources */ = {
			isa = PBXResourcesBuildPhase;
			buildActionMask = 2147483647;
			files = (
			);
			runOnlyForDeploymentPostprocessing = 0;
		};
/* End PBXResourcesBuildPhase section */

/* Begin PBXSourcesBuildPhase section */
		A3CD764C1CAEDC7B00040256 /* Sources */ = {
			isa = PBXSourcesBuildPhase;
			buildActionMask = 2147483647;
			files = (
				A3738BAB1CB3133C00EA1F00 /* SecondViewController.swift in Sources */,
				A3A8CB701CC78D570049D8D7 /* TESTTableViewController.swift in Sources */,
				A3CD76561CAEDC7B00040256 /* ViewController.swift in Sources */,
				A3738BAD1CB3173D00EA1F00 /* ThirdViewController.swift in Sources */,
				A3CD765C1CAEDC7B00040256 /* AnimalTrivia.xcdatamodeld in Sources */,
				A3CD76541CAEDC7B00040256 /* AppDelegate.swift in Sources */,
			);
			runOnlyForDeploymentPostprocessing = 0;
		};
		A3CD76631CAEDC7B00040256 /* Sources */ = {
			isa = PBXSourcesBuildPhase;
			buildActionMask = 2147483647;
			files = (
				A3CD766C1CAEDC7B00040256 /* AnimalTriviaTests.swift in Sources */,
			);
			runOnlyForDeploymentPostprocessing = 0;
		};
		A3CD766E1CAEDC7B00040256 /* Sources */ = {
			isa = PBXSourcesBuildPhase;
			buildActionMask = 2147483647;
			files = (
				A3CD76771CAEDC7B00040256 /* AnimalTriviaUITests.swift in Sources */,
			);
			runOnlyForDeploymentPostprocessing = 0;
		};
/* End PBXSourcesBuildPhase section */

/* Begin PBXTargetDependency section */
		A3CD76691CAEDC7B00040256 /* PBXTargetDependency */ = {
			isa = PBXTargetDependency;
			target = A3CD764F1CAEDC7B00040256 /* AnimalTrivia */;
			targetProxy = A3CD76681CAEDC7B00040256 /* PBXContainerItemProxy */;
		};
		A3CD76741CAEDC7B00040256 /* PBXTargetDependency */ = {
			isa = PBXTargetDependency;
			target = A3CD764F1CAEDC7B00040256 /* AnimalTrivia */;
			targetProxy = A3CD76731CAEDC7B00040256 /* PBXContainerItemProxy */;
		};
/* End PBXTargetDependency section */

/* Begin PBXVariantGroup section */
		A3CD76571CAEDC7B00040256 /* Main.storyboard */ = {
			isa = PBXVariantGroup;
			children = (
				A3CD76581CAEDC7B00040256 /* Base */,
			);
			name = Main.storyboard;
			sourceTree = "<group>";
		};
		A3CD765F1CAEDC7B00040256 /* LaunchScreen.storyboard */ = {
			isa = PBXVariantGroup;
			children = (
				A3CD76601CAEDC7B00040256 /* Base */,
			);
			name = LaunchScreen.storyboard;
			sourceTree = "<group>";
		};
/* End PBXVariantGroup section */

/* Begin XCBuildConfiguration section */
		A3CD76791CAEDC7B00040256 /* Debug */ = {
			isa = XCBuildConfiguration;
			buildSettings = {
				ALWAYS_SEARCH_USER_PATHS = NO;
				CLANG_ANALYZER_NONNULL = YES;
				CLANG_CXX_LANGUAGE_STANDARD = "gnu++0x";
				CLANG_CXX_LIBRARY = "libc++";
				CLANG_ENABLE_MODULES = YES;
				CLANG_ENABLE_OBJC_ARC = YES;
				CLANG_WARN_BOOL_CONVERSION = YES;
				CLANG_WARN_CONSTANT_CONVERSION = YES;
				CLANG_WARN_DIRECT_OBJC_ISA_USAGE = YES_ERROR;
				CLANG_WARN_EMPTY_BODY = YES;
				CLANG_WARN_ENUM_CONVERSION = YES;
				CLANG_WARN_INT_CONVERSION = YES;
				CLANG_WARN_OBJC_ROOT_CLASS = YES_ERROR;
				CLANG_WARN_UNREACHABLE_CODE = YES;
				CLANG_WARN__DUPLICATE_METHOD_MATCH = YES;
				"CODE_SIGN_IDENTITY[sdk=iphoneos*]" = "iPhone Developer";
				COPY_PHASE_STRIP = NO;
				DEBUG_INFORMATION_FORMAT = dwarf;
				ENABLE_STRICT_OBJC_MSGSEND = YES;
				ENABLE_TESTABILITY = YES;
				GCC_C_LANGUAGE_STANDARD = gnu99;
				GCC_DYNAMIC_NO_PIC = NO;
				GCC_NO_COMMON_BLOCKS = YES;
				GCC_OPTIMIZATION_LEVEL = 0;
				GCC_PREPROCESSOR_DEFINITIONS = (
					"DEBUG=1",
					"$(inherited)",
				);
				GCC_WARN_64_TO_32_BIT_CONVERSION = YES;
				GCC_WARN_ABOUT_RETURN_TYPE = YES_ERROR;
				GCC_WARN_UNDECLARED_SELECTOR = YES;
				GCC_WARN_UNINITIALIZED_AUTOS = YES_AGGRESSIVE;
				GCC_WARN_UNUSED_FUNCTION = YES;
				GCC_WARN_UNUSED_VARIABLE = YES;
				IPHONEOS_DEPLOYMENT_TARGET = 9.3;
				MTL_ENABLE_DEBUG_INFO = YES;
				ONLY_ACTIVE_ARCH = YES;
				SDKROOT = iphoneos;
				SWIFT_OPTIMIZATION_LEVEL = "-Onone";
				TARGETED_DEVICE_FAMILY = "1,2";
			};
			name = Debug;
		};
		A3CD767A1CAEDC7B00040256 /* Release */ = {
			isa = XCBuildConfiguration;
			buildSettings = {
				ALWAYS_SEARCH_USER_PATHS = NO;
				CLANG_ANALYZER_NONNULL = YES;
				CLANG_CXX_LANGUAGE_STANDARD = "gnu++0x";
				CLANG_CXX_LIBRARY = "libc++";
				CLANG_ENABLE_MODULES = YES;
				CLANG_ENABLE_OBJC_ARC = YES;
				CLANG_WARN_BOOL_CONVERSION = YES;
				CLANG_WARN_CONSTANT_CONVERSION = YES;
				CLANG_WARN_DIRECT_OBJC_ISA_USAGE = YES_ERROR;
				CLANG_WARN_EMPTY_BODY = YES;
				CLANG_WARN_ENUM_CONVERSION = YES;
				CLANG_WARN_INT_CONVERSION = YES;
				CLANG_WARN_OBJC_ROOT_CLASS = YES_ERROR;
				CLANG_WARN_UNREACHABLE_CODE = YES;
				CLANG_WARN__DUPLICATE_METHOD_MATCH = YES;
				"CODE_SIGN_IDENTITY[sdk=iphoneos*]" = "iPhone Developer";
				COPY_PHASE_STRIP = NO;
				DEBUG_INFORMATION_FORMAT = "dwarf-with-dsym";
				ENABLE_NS_ASSERTIONS = NO;
				ENABLE_STRICT_OBJC_MSGSEND = YES;
				GCC_C_LANGUAGE_STANDARD = gnu99;
				GCC_NO_COMMON_BLOCKS = YES;
				GCC_WARN_64_TO_32_BIT_CONVERSION = YES;
				GCC_WARN_ABOUT_RETURN_TYPE = YES_ERROR;
				GCC_WARN_UNDECLARED_SELECTOR = YES;
				GCC_WARN_UNINITIALIZED_AUTOS = YES_AGGRESSIVE;
				GCC_WARN_UNUSED_FUNCTION = YES;
				GCC_WARN_UNUSED_VARIABLE = YES;
				IPHONEOS_DEPLOYMENT_TARGET = 9.3;
				MTL_ENABLE_DEBUG_INFO = NO;
				SDKROOT = iphoneos;
				TARGETED_DEVICE_FAMILY = "1,2";
				VALIDATE_PRODUCT = YES;
			};
			name = Release;
		};
		A3CD767C1CAEDC7B00040256 /* Debug */ = {
			isa = XCBuildConfiguration;
			buildSettings = {
				ASSETCATALOG_COMPILER_APPICON_NAME = AppIcon;
				INFOPLIST_FILE = AnimalTrivia/Info.plist;
				LD_RUNPATH_SEARCH_PATHS = "$(inherited) @executable_path/Frameworks";
				PRODUCT_BUNDLE_IDENTIFIER = com.SD.AnimalTrivia;
				PRODUCT_NAME = "$(TARGET_NAME)";
			};
			name = Debug;
		};
		A3CD767D1CAEDC7B00040256 /* Release */ = {
			isa = XCBuildConfiguration;
			buildSettings = {
				ASSETCATALOG_COMPILER_APPICON_NAME = AppIcon;
				INFOPLIST_FILE = AnimalTrivia/Info.plist;
				LD_RUNPATH_SEARCH_PATHS = "$(inherited) @executable_path/Frameworks";
				PRODUCT_BUNDLE_IDENTIFIER = com.SD.AnimalTrivia;
				PRODUCT_NAME = "$(TARGET_NAME)";
			};
			name = Release;
		};
		A3CD767F1CAEDC7B00040256 /* Debug */ = {
			isa = XCBuildConfiguration;
			buildSettings = {
				BUNDLE_LOADER = "$(TEST_HOST)";
				INFOPLIST_FILE = AnimalTriviaTests/Info.plist;
				LD_RUNPATH_SEARCH_PATHS = "$(inherited) @executable_path/Frameworks @loader_path/Frameworks";
				PRODUCT_BUNDLE_IDENTIFIER = com.SD.AnimalTriviaTests;
				PRODUCT_NAME = "$(TARGET_NAME)";
				TEST_HOST = "$(BUILT_PRODUCTS_DIR)/AnimalTrivia.app/AnimalTrivia";
			};
			name = Debug;
		};
		A3CD76801CAEDC7B00040256 /* Release */ = {
			isa = XCBuildConfiguration;
			buildSettings = {
				BUNDLE_LOADER = "$(TEST_HOST)";
				INFOPLIST_FILE = AnimalTriviaTests/Info.plist;
				LD_RUNPATH_SEARCH_PATHS = "$(inherited) @executable_path/Frameworks @loader_path/Frameworks";
				PRODUCT_BUNDLE_IDENTIFIER = com.SD.AnimalTriviaTests;
				PRODUCT_NAME = "$(TARGET_NAME)";
				TEST_HOST = "$(BUILT_PRODUCTS_DIR)/AnimalTrivia.app/AnimalTrivia";
			};
			name = Release;
		};
		A3CD76821CAEDC7B00040256 /* Debug */ = {
			isa = XCBuildConfiguration;
			buildSettings = {
				INFOPLIST_FILE = AnimalTriviaUITests/Info.plist;
				LD_RUNPATH_SEARCH_PATHS = "$(inherited) @executable_path/Frameworks @loader_path/Frameworks";
				PRODUCT_BUNDLE_IDENTIFIER = com.SD.AnimalTriviaUITests;
				PRODUCT_NAME = "$(TARGET_NAME)";
				TEST_TARGET_NAME = AnimalTrivia;
			};
			name = Debug;
		};
		A3CD76831CAEDC7B00040256 /* Release */ = {
			isa = XCBuildConfiguration;
			buildSettings = {
				INFOPLIST_FILE = AnimalTriviaUITests/Info.plist;
				LD_RUNPATH_SEARCH_PATHS = "$(inherited) @executable_path/Frameworks @loader_path/Frameworks";
				PRODUCT_BUNDLE_IDENTIFIER = com.SD.AnimalTriviaUITests;
				PRODUCT_NAME = "$(TARGET_NAME)";
				TEST_TARGET_NAME = AnimalTrivia;
			};
			name = Release;
		};
/* End XCBuildConfiguration section */

/* Begin XCConfigurationList section */
		A3CD764B1CAEDC7B00040256 /* Build configuration list for PBXProject "AnimalTrivia" */ = {
			isa = XCConfigurationList;
			buildConfigurations = (
				A3CD76791CAEDC7B00040256 /* Debug */,
				A3CD767A1CAEDC7B00040256 /* Release */,
			);
			defaultConfigurationIsVisible = 0;
			defaultConfigurationName = Release;
		};
		A3CD767B1CAEDC7B00040256 /* Build configuration list for PBXNativeTarget "AnimalTrivia" */ = {
			isa = XCConfigurationList;
			buildConfigurations = (
				A3CD767C1CAEDC7B00040256 /* Debug */,
				A3CD767D1CAEDC7B00040256 /* Release */,
			);
			defaultConfigurationIsVisible = 0;
			defaultConfigurationName = Release;
		};
		A3CD767E1CAEDC7B00040256 /* Build configuration list for PBXNativeTarget "AnimalTriviaTests" */ = {
			isa = XCConfigurationList;
			buildConfigurations = (
				A3CD767F1CAEDC7B00040256 /* Debug */,
				A3CD76801CAEDC7B00040256 /* Release */,
			);
			defaultConfigurationIsVisible = 0;
			defaultConfigurationName = Release;
		};
		A3CD76811CAEDC7B00040256 /* Build configuration list for PBXNativeTarget "AnimalTriviaUITests" */ = {
			isa = XCConfigurationList;
			buildConfigurations = (
				A3CD76821CAEDC7B00040256 /* Debug */,
				A3CD76831CAEDC7B00040256 /* Release */,
			);
			defaultConfigurationIsVisible = 0;
			defaultConfigurationName = Release;
		};
/* End XCConfigurationList section */

/* Begin XCVersionGroup section */
		A3CD765A1CAEDC7B00040256 /* AnimalTrivia.xcdatamodeld */ = {
			isa = XCVersionGroup;
			children = (
				A3CD765B1CAEDC7B00040256 /* AnimalTrivia.xcdatamodel */,
			);
			currentVersion = A3CD765B1CAEDC7B00040256 /* AnimalTrivia.xcdatamodel */;
			path = AnimalTrivia.xcdatamodeld;
			sourceTree = "<group>";
			versionGroupType = wrapper.xcdatamodel;
		};
/* End XCVersionGroup section */
	};
	rootObject = A3CD76481CAEDC7B00040256 /* Project object */;
}
